
Microsoft Visual Studio Solution File, Format Version 12.00
# Visual Studio Version 17
VisualStudioVersion = 17.1.32328.378
MinimumVisualStudioVersion = 10.0.40219.1
Project("{FAE04EC0-301F-11D3-BF4B-00C04F79EFBC}") = "MVCCRUD", "MVCCRUD\MVCCRUD.csproj", "{570502B5-7275-49AE-9A36-004ECF8F25DD}"
EndProject
Global
	GlobalSection(SolutionConfigurationPlatforms) = preSolution
		Debug|Any CPU = Debug|Any CPU
		Release|Any CPU = Release|Any CPU
	EndGlobalSection
	GlobalSection(ProjectConfigurationPlatforms) = postSolution
		{570502B5-7275-49AE-9A36-004ECF8F25DD}.Debug|Any CPU.ActiveCfg = Debug|Any CPU
		{570502B5-7275-49AE-9A36-004ECF8F25DD}.Debug|Any CPU.Build.0 = Debug|Any CPU
		{570502B5-7275-49AE-9A36-004ECF8F25DD}.Release|Any CPU.ActiveCfg = Release|Any CPU
		{570502B5-7275-49AE-9A36-004ECF8F25DD}.Release|Any CPU.Build.0 = Release|Any CPU
	EndGlobalSection
	GlobalSection(SolutionProperties) = preSolution
		HideSolutionNode = FALSE
	EndGlobalSection
	GlobalSection(ExtensibilityGlobals) = postSolution
		SolutionGuid = {1D814D2E-130D-48CF-A30E-18171D48BD6E}
	EndGlobalSection
EndGlobal
